
Microsoft Visual Studio Solution File, Format Version 12.00
# Visual Studio Version 17
VisualStudioVersion = 17.10.35013.160
MinimumVisualStudioVersion = 10.0.40219.1
Project("{FAE04EC0-301F-11D3-BF4B-00C04F79EFBC}") = "BlazorFluentApp2", "BlazorFluentApp2\BlazorFluentApp2.csproj", "{BA260DF7-5293-4965-9C90-8866197FCA2B}"
EndProject
Project("{FAE04EC0-301F-11D3-BF4B-00C04F79EFBC}") = "BlazorFluentApp2.Client", "BlazorFluentApp2.Client\BlazorFluentApp2.Client.csproj", "{E67C003E-0821-42F7-8ECF-0C66743583A6}"
EndProject
Global
	GlobalSection(SolutionConfigurationPlatforms) = preSolution
		Debug|Any CPU = Debug|Any CPU
		Release|Any CPU = Release|Any CPU
	EndGlobalSection
	GlobalSection(ProjectConfigurationPlatforms) = postSolution
		{BA260DF7-5293-4965-9C90-8866197FCA2B}.Debug|Any CPU.ActiveCfg = Debug|Any CPU
		{BA260DF7-5293-4965-9C90-8866197FCA2B}.Debug|Any CPU.Build.0 = Debug|Any CPU
		{BA260DF7-5293-4965-9C90-8866197FCA2B}.Release|Any CPU.ActiveCfg = Release|Any CPU
		{BA260DF7-5293-4965-9C90-8866197FCA2B}.Release|Any CPU.Build.0 = Release|Any CPU
		{E67C003E-0821-42F7-8ECF-0C66743583A6}.Debug|Any CPU.ActiveCfg = Debug|Any CPU
		{E67C003E-0821-42F7-8ECF-0C66743583A6}.Debug|Any CPU.Build.0 = Debug|Any CPU
		{E67C003E-0821-42F7-8ECF-0C66743583A6}.Release|Any CPU.ActiveCfg = Release|Any CPU
		{E67C003E-0821-42F7-8ECF-0C66743583A6}.Release|Any CPU.Build.0 = Release|Any CPU
	EndGlobalSection
	GlobalSection(SolutionProperties) = preSolution
		HideSolutionNode = FALSE
	EndGlobalSection
	GlobalSection(ExtensibilityGlobals) = postSolution
		SolutionGuid = {E7CB1876-3399-4C4F-8B94-F9996AEBF8F3}
	EndGlobalSection
EndGlobal
